
Microsoft Visual Studio Solution File, Format Version 12.00
# Visual Studio 15
VisualStudioVersion = 15.0.28010.2036
MinimumVisualStudioVersion = 10.0.40219.1
Project("{FAE04EC0-301F-11D3-BF4B-00C04F79EFBC}") = "LINQ", "LINQ\LINQ.csproj", "{62639C3A-5C7B-4075-BC39-F593121EA2F3}"
EndProject
Global
	GlobalSection(SolutionConfigurationPlatforms) = preSolution
		Debug|Any CPU = Debug|Any CPU
		Release|Any CPU = Release|Any CPU
	EndGlobalSection
	GlobalSection(ProjectConfigurationPlatforms) = postSolution
		{62639C3A-5C7B-4075-BC39-F593121EA2F3}.Debug|Any CPU.ActiveCfg = Debug|Any CPU
		{62639C3A-5C7B-4075-BC39-F593121EA2F3}.Debug|Any CPU.Build.0 = Debug|Any CPU
		{62639C3A-5C7B-4075-BC39-F593121EA2F3}.Release|Any CPU.ActiveCfg = Release|Any CPU
		{62639C3A-5C7B-4075-BC39-F593121EA2F3}.Release|Any CPU.Build.0 = Release|Any CPU
	EndGlobalSection
	GlobalSection(SolutionProperties) = preSolution
		HideSolutionNode = FALSE
	EndGlobalSection
	GlobalSection(ExtensibilityGlobals) = postSolution
		SolutionGuid = {5018705E-55A3-4C06-BAFD-9304CEF3325B}
	EndGlobalSection
EndGlobal
